
Microsoft Visual Studio Solution File, Format Version 12.00
#
Project("{FAE04EC0-301F-11D3-BF4B-00C04F79EFBC}") = "lib", "lib\lib.csproj", "{CF48C53C-EC98-4E2C-8CF4-0812D703CB45}"
EndProject
Project("{FAE04EC0-301F-11D3-BF4B-00C04F79EFBC}") = "test", "test\test.csproj", "{D82D000D-1AFB-458A-B84D-52AC650AC0E3}"
EndProject
Project("{FAE04EC0-301F-11D3-BF4B-00C04F79EFBC}") = "commandline-tool", "commandline-tool\commandline-tool.csproj", "{A405B4D3-47BB-4CEB-8028-1E78A7677B02}"
EndProject
Project("{FAE04EC0-301F-11D3-BF4B-00C04F79EFBC}") = "grammar", "grammar\grammar.csproj", "{CC3045C6-69CC-4D7D-B28D-914EB27DE9EC}"
EndProject
Global
	GlobalSection(SolutionConfigurationPlatforms) = preSolution
		Debug|Any CPU = Debug|Any CPU
		Release|Any CPU = Release|Any CPU
	EndGlobalSection
	GlobalSection(ProjectConfigurationPlatforms) = postSolution
		{CF48C53C-EC98-4E2C-8CF4-0812D703CB45}.Debug|Any CPU.ActiveCfg = Debug|Any CPU
		{CF48C53C-EC98-4E2C-8CF4-0812D703CB45}.Debug|Any CPU.Build.0 = Debug|Any CPU
		{CF48C53C-EC98-4E2C-8CF4-0812D703CB45}.Release|Any CPU.ActiveCfg = Release|Any CPU
		{CF48C53C-EC98-4E2C-8CF4-0812D703CB45}.Release|Any CPU.Build.0 = Release|Any CPU
		{D82D000D-1AFB-458A-B84D-52AC650AC0E3}.Debug|Any CPU.ActiveCfg = Debug|Any CPU
		{D82D000D-1AFB-458A-B84D-52AC650AC0E3}.Debug|Any CPU.Build.0 = Debug|Any CPU
		{D82D000D-1AFB-458A-B84D-52AC650AC0E3}.Release|Any CPU.ActiveCfg = Release|Any CPU
		{D82D000D-1AFB-458A-B84D-52AC650AC0E3}.Release|Any CPU.Build.0 = Release|Any CPU
		{A405B4D3-47BB-4CEB-8028-1E78A7677B02}.Debug|Any CPU.ActiveCfg = Debug|Any CPU
		{A405B4D3-47BB-4CEB-8028-1E78A7677B02}.Debug|Any CPU.Build.0 = Debug|Any CPU
		{A405B4D3-47BB-4CEB-8028-1E78A7677B02}.Release|Any CPU.ActiveCfg = Release|Any CPU
		{A405B4D3-47BB-4CEB-8028-1E78A7677B02}.Release|Any CPU.Build.0 = Release|Any CPU
		{CC3045C6-69CC-4D7D-B28D-914EB27DE9EC}.Debug|Any CPU.ActiveCfg = Debug|Any CPU
		{CC3045C6-69CC-4D7D-B28D-914EB27DE9EC}.Release|Any CPU.ActiveCfg = Release|Any CPU
	EndGlobalSection
EndGlobal
